// !$*UTF8*$!
{
	archiveVersion = 1;
	classes = {
	};
	objectVersion = 50;
	objects = {

/* Begin PBXBuildFile section */
		DAE0D852225460AC005BD6BA /* AppDelegate.swift in Sources */ = {isa = PBXBuildFile; fileRef = DAE0D851225460AC005BD6BA /* AppDelegate.swift */; };
		DAE0D854225460AC005BD6BA /* MainVC.swift in Sources */ = {isa = PBXBuildFile; fileRef = DAE0D853225460AC005BD6BA /* MainVC.swift */; };
		DAE0D857225460AC005BD6BA /* Main.storyboard in Resources */ = {isa = PBXBuildFile; fileRef = DAE0D855225460AC005BD6BA /* Main.storyboard */; };
		DAE0D859225460AD005BD6BA /* Assets.xcassets in Resources */ = {isa = PBXBuildFile; fileRef = DAE0D858225460AD005BD6BA /* Assets.xcassets */; };
		DAE0D85C225460AD005BD6BA /* LaunchScreen.storyboard in Resources */ = {isa = PBXBuildFile; fileRef = DAE0D85A225460AD005BD6BA /* LaunchScreen.storyboard */; };
		DAE0D864225464AE005BD6BA /* FlashCardVC.swift in Sources */ = {isa = PBXBuildFile; fileRef = DAE0D863225464AE005BD6BA /* FlashCardVC.swift */; };
		DAE0D8692254695D005BD6BA /* FlashCard.swift in Sources */ = {isa = PBXBuildFile; fileRef = DAE0D8682254695D005BD6BA /* FlashCard.swift */; };
/* End PBXBuildFile section */

/* Begin PBXFileReference section */
		DAE0D84E225460AC005BD6BA /* FlashCard.app */ = {isa = PBXFileReference; explicitFileType = wrapper.application; includeInIndex = 0; path = FlashCard.app; sourceTree = BUILT_PRODUCTS_DIR; };
		DAE0D851225460AC005BD6BA /* AppDelegate.swift */ = {isa = PBXFileReference; lastKnownFileType = sourcecode.swift; path = AppDelegate.swift; sourceTree = "<group>"; };
		DAE0D853225460AC005BD6BA /* MainVC.swift */ = {isa = PBXFileReference; lastKnownFileType = sourcecode.swift; path = MainVC.swift; sourceTree = "<group>"; };
		DAE0D856225460AC005BD6BA /* Base */ = {isa = PBXFileReference; lastKnownFileType = file.storyboard; name = Base; path = Base.lproj/Main.storyboard; sourceTree = "<group>"; };
		DAE0D858225460AD005BD6BA /* Assets.xcassets */ = {isa = PBXFileReference; lastKnownFileType = folder.assetcatalog; path = Assets.xcassets; sourceTree = "<group>"; };
		DAE0D85B225460AD005BD6BA /* Base */ = {isa = PBXFileReference; lastKnownFileType = file.storyboard; name = Base; path = Base.lproj/LaunchScreen.storyboard; sourceTree = "<group>"; };
		DAE0D85D225460AD005BD6BA /* Info.plist */ = {isa = PBXFileReference; lastKnownFileType = text.plist.xml; path = Info.plist; sourceTree = "<group>"; };
		DAE0D863225464AE005BD6BA /* FlashCardVC.swift */ = {isa = PBXFileReference; lastKnownFileType = sourcecode.swift; path = FlashCardVC.swift; sourceTree = "<group>"; };
		DAE0D8682254695D005BD6BA /* FlashCard.swift */ = {isa = PBXFileReference; lastKnownFileType = sourcecode.swift; path = FlashCard.swift; sourceTree = "<group>"; };
/* End PBXFileReference section */

/* Begin PBXFrameworksBuildPhase section */
		DAE0D84B225460AC005BD6BA /* Frameworks */ = {
			isa = PBXFrameworksBuildPhase;
			buildActionMask = 2147483647;
			files = (
			);
			runOnlyForDeploymentPostprocessing = 0;
		};
/* End PBXFrameworksBuildPhase section */

/* Begin PBXGroup section */
		DAE0D845225460AC005BD6BA = {
			isa = PBXGroup;
			children = (
				DAE0D850225460AC005BD6BA /* FlashCard */,
				DAE0D84F225460AC005BD6BA /* Products */,
			);
			sourceTree = "<group>";
		};
		DAE0D84F225460AC005BD6BA /* Products */ = {
			isa = PBXGroup;
			children = (
				DAE0D84E225460AC005BD6BA /* FlashCard.app */,
			);
			name = Products;
			sourceTree = "<group>";
		};
		DAE0D850225460AC005BD6BA /* FlashCard */ = {
			isa = PBXGroup;
			children = (
				DAE0D867225468EE005BD6BA /* Controller */,
				DAE0D866225468E8005BD6BA /* View */,
				DAE0D865225468DE005BD6BA /* Model */,
				DAE0D851225460AC005BD6BA /* AppDelegate.swift */,
				DAE0D855225460AC005BD6BA /* Main.storyboard */,
				DAE0D858225460AD005BD6BA /* Assets.xcassets */,
				DAE0D85A225460AD005BD6BA /* LaunchScreen.storyboard */,
				DAE0D85D225460AD005BD6BA /* Info.plist */,
			);
			path = FlashCard;
			sourceTree = "<group>";
		};
		DAE0D865225468DE005BD6BA /* Model */ = {
			isa = PBXGroup;
			children = (
				DAE0D8682254695D005BD6BA /* FlashCard.swift */,
			);
			path = Model;
			sourceTree = "<group>";
		};
		DAE0D866225468E8005BD6BA /* View */ = {
			isa = PBXGroup;
			children = (
			);
			path = View;
			sourceTree = "<group>";
		};
		DAE0D867225468EE005BD6BA /* Controller */ = {
			isa = PBXGroup;
			children = (
				DAE0D853225460AC005BD6BA /* MainVC.swift */,
				DAE0D863225464AE005BD6BA /* FlashCardVC.swift */,
			);
			path = Controller;
			sourceTree = "<group>";
		};
/* End PBXGroup section */

/* Begin PBXNativeTarget section */
		DAE0D84D225460AC005BD6BA /* FlashCard */ = {
			isa = PBXNativeTarget;
			buildConfigurationList = DAE0D860225460AD005BD6BA /* Build configuration list for PBXNativeTarget "FlashCard" */;
			buildPhases = (
				DAE0D84A225460AC005BD6BA /* Sources */,
				DAE0D84B225460AC005BD6BA /* Frameworks */,
				DAE0D84C225460AC005BD6BA /* Resources */,
			);
			buildRules = (
			);
			dependencies = (
			);
			name = FlashCard;
			productName = FlashCard;
			productReference = DAE0D84E225460AC005BD6BA /* FlashCard.app */;
			productType = "com.apple.product-type.application";
		};
/* End PBXNativeTarget section */

/* Begin PBXProject section */
		DAE0D846225460AC005BD6BA /* Project object */ = {
			isa = PBXProject;
			attributes = {
				LastSwiftUpdateCheck = 1020;
				LastUpgradeCheck = 1020;
				ORGANIZATIONNAME = iTiiiM;
				TargetAttributes = {
					DAE0D84D225460AC005BD6BA = {
						CreatedOnToolsVersion = 10.2;
					};
				};
			};
			buildConfigurationList = DAE0D849225460AC005BD6BA /* Build configuration list for PBXProject "FlashCard" */;
			compatibilityVersion = "Xcode 9.3";
			developmentRegion = en;
			hasScannedForEncodings = 0;
			knownRegions = (
				en,
				Base,
			);
			mainGroup = DAE0D845225460AC005BD6BA;
			productRefGroup = DAE0D84F225460AC005BD6BA /* Products */;
			projectDirPath = "";
			projectRoot = "";
			targets = (
				DAE0D84D225460AC005BD6BA /* FlashCard */,
			);
		};
/* End PBXProject section */

/* Begin PBXResourcesBuildPhase section */
		DAE0D84C225460AC005BD6BA /* Resources */ = {
			isa = PBXResourcesBuildPhase;
			buildActionMask = 2147483647;
			files = (
				DAE0D85C225460AD005BD6BA /* LaunchScreen.storyboard in Resources */,
				DAE0D859225460AD005BD6BA /* Assets.xcassets in Resources */,
				DAE0D857225460AC005BD6BA /* Main.storyboard in Resources */,
			);
			runOnlyForDeploymentPostprocessing = 0;
		};
/* End PBXResourcesBuildPhase section */

/* Begin PBXSourcesBuildPhase section */
		DAE0D84A225460AC005BD6BA /* Sources */ = {
			isa = PBXSourcesBuildPhase;
			buildActionMask = 2147483647;
			files = (
				DAE0D854225460AC005BD6BA /* MainVC.swift in Sources */,
				DAE0D864225464AE005BD6BA /* FlashCardVC.swift in Sources */,
				DAE0D8692254695D005BD6BA /* FlashCard.swift in Sources */,
				DAE0D852225460AC005BD6BA /* AppDelegate.swift in Sources */,
			);
			runOnlyForDeploymentPostprocessing = 0;
		};
/* End PBXSourcesBuildPhase section */

/* Begin PBXVariantGroup section */
		DAE0D855225460AC005BD6BA /* Main.storyboard */ = {
			isa = PBXVariantGroup;
			children = (
				DAE0D856225460AC005BD6BA /* Base */,
			);
			name = Main.storyboard;
			sourceTree = "<group>";
		};
		DAE0D85A225460AD005BD6BA /* LaunchScreen.storyboard */ = {
			isa = PBXVariantGroup;
			children = (
				DAE0D85B225460AD005BD6BA /* Base */,
			);
			name = LaunchScreen.storyboard;
			sourceTree = "<group>";
		};
/* End PBXVariantGroup section */

/* Begin XCBuildConfiguration section */
		DAE0D85E225460AD005BD6BA /* Debug */ = {
			isa = XCBuildConfiguration;
			buildSettings = {
				ALWAYS_SEARCH_USER_PATHS = NO;
				CLANG_ANALYZER_NONNULL = YES;
				CLANG_ANALYZER_NUMBER_OBJECT_CONVERSION = YES_AGGRESSIVE;
				CLANG_CXX_LANGUAGE_STANDARD = "gnu++14";
				CLANG_CXX_LIBRARY = "libc++";
				CLANG_ENABLE_MODULES = YES;
				CLANG_ENABLE_OBJC_ARC = YES;
				CLANG_ENABLE_OBJC_WEAK = YES;
				CLANG_WARN_BLOCK_CAPTURE_AUTORELEASING = YES;
				CLANG_WARN_BOOL_CONVERSION = YES;
				CLANG_WARN_COMMA = YES;
				CLANG_WARN_CONSTANT_CONVERSION = YES;
				CLANG_WARN_DEPRECATED_OBJC_IMPLEMENTATIONS = YES;
				CLANG_WARN_DIRECT_OBJC_ISA_USAGE = YES_ERROR;
				CLANG_WARN_DOCUMENTATION_COMMENTS = YES;
				CLANG_WARN_EMPTY_BODY = YES;
				CLANG_WARN_ENUM_CONVERSION = YES;
				CLANG_WARN_INFINITE_RECURSION = YES;
				CLANG_WARN_INT_CONVERSION = YES;
				CLANG_WARN_NON_LITERAL_NULL_CONVERSION = YES;
				CLANG_WARN_OBJC_IMPLICIT_RETAIN_SELF = YES;
				CLANG_WARN_OBJC_LITERAL_CONVERSION = YES;
				CLANG_WARN_OBJC_ROOT_CLASS = YES_ERROR;
				CLANG_WARN_RANGE_LOOP_ANALYSIS = YES;
				CLANG_WARN_STRICT_PROTOTYPES = YES;
				CLANG_WARN_SUSPICIOUS_MOVE = YES;
				CLANG_WARN_UNGUARDED_AVAILABILITY = YES_AGGRESSIVE;
				CLANG_WARN_UNREACHABLE_CODE = YES;
				CLANG_WARN__DUPLICATE_METHOD_MATCH = YES;
				CODE_SIGN_IDENTITY = "iPhone Developer";
				COPY_PHASE_STRIP = NO;
				DEBUG_INFORMATION_FORMAT = dwarf;
				ENABLE_STRICT_OBJC_MSGSEND = YES;
				ENABLE_TESTABILITY = YES;
				GCC_C_LANGUAGE_STANDARD = gnu11;
				GCC_DYNAMIC_NO_PIC = NO;
				GCC_NO_COMMON_BLOCKS = YES;
				GCC_OPTIMIZATION_LEVEL = 0;
				GCC_PREPROCESSOR_DEFINITIONS = (
					"DEBUG=1",
					"$(inherited)",
				);
				GCC_WARN_64_TO_32_BIT_CONVERSION = YES;
				GCC_WARN_ABOUT_RETURN_TYPE = YES_ERROR;
				GCC_WARN_UNDECLARED_SELECTOR = YES;
				GCC_WARN_UNINITIALIZED_AUTOS = YES_AGGRESSIVE;
				GCC_WARN_UNUSED_FUNCTION = YES;
				GCC_WARN_UNUSED_VARIABLE = YES;
				IPHONEOS_DEPLOYMENT_TARGET = 12.2;
				MTL_ENABLE_DEBUG_INFO = INCLUDE_SOURCE;
				MTL_FAST_MATH = YES;
				ONLY_ACTIVE_ARCH = YES;
				SDKROOT = iphoneos;
				SWIFT_ACTIVE_COMPILATION_CONDITIONS = DEBUG;
				SWIFT_OPTIMIZATION_LEVEL = "-Onone";
			};
			name = Debug;
		};
		DAE0D85F225460AD005BD6BA /* Release */ = {
			isa = XCBuildConfiguration;
			buildSettings = {
				ALWAYS_SEARCH_USER_PATHS = NO;
				CLANG_ANALYZER_NONNULL = YES;
				CLANG_ANALYZER_NUMBER_OBJECT_CONVERSION = YES_AGGRESSIVE;
				CLANG_CXX_LANGUAGE_STANDARD = "gnu++14";
				CLANG_CXX_LIBRARY = "libc++";
				CLANG_ENABLE_MODULES = YES;
				CLANG_ENABLE_OBJC_ARC = YES;
				CLANG_ENABLE_OBJC_WEAK = YES;
				CLANG_WARN_BLOCK_CAPTURE_AUTORELEASING = YES;
				CLANG_WARN_BOOL_CONVERSION = YES;
				CLANG_WARN_COMMA = YES;
				CLANG_WARN_CONSTANT_CONVERSION = YES;
				CLANG_WARN_DEPRECATED_OBJC_IMPLEMENTATIONS = YES;
				CLANG_WARN_DIRECT_OBJC_ISA_USAGE = YES_ERROR;
				CLANG_WARN_DOCUMENTATION_COMMENTS = YES;
				CLANG_WARN_EMPTY_BODY = YES;
				CLANG_WARN_ENUM_CONVERSION = YES;
				CLANG_WARN_INFINITE_RECURSION = YES;
				CLANG_WARN_INT_CONVERSION = YES;
				CLANG_WARN_NON_LITERAL_NULL_CONVERSION = YES;
				CLANG_WARN_OBJC_IMPLICIT_RETAIN_SELF = YES;
				CLANG_WARN_OBJC_LITERAL_CONVERSION = YES;
				CLANG_WARN_OBJC_ROOT_CLASS = YES_ERROR;
				CLANG_WARN_RANGE_LOOP_ANALYSIS = YES;
				CLANG_WARN_STRICT_PROTOTYPES = YES;
				CLANG_WARN_SUSPICIOUS_MOVE = YES;
				CLANG_WARN_UNGUARDED_AVAILABILITY = YES_AGGRESSIVE;
				CLANG_WARN_UNREACHABLE_CODE = YES;
				CLANG_WARN__DUPLICATE_METHOD_MATCH = YES;
				CODE_SIGN_IDENTITY = "iPhone Developer";
				COPY_PHASE_STRIP = NO;
				DEBUG_INFORMATION_FORMAT = "dwarf-with-dsym";
				ENABLE_NS_ASSERTIONS = NO;
				ENABLE_STRICT_OBJC_MSGSEND = YES;
				GCC_C_LANGUAGE_STANDARD = gnu11;
				GCC_NO_COMMON_BLOCKS = YES;
				GCC_WARN_64_TO_32_BIT_CONVERSION = YES;
				GCC_WARN_ABOUT_RETURN_TYPE = YES_ERROR;
				GCC_WARN_UNDECLARED_SELECTOR = YES;
				GCC_WARN_UNINITIALIZED_AUTOS = YES_AGGRESSIVE;
				GCC_WARN_UNUSED_FUNCTION = YES;
				GCC_WARN_UNUSED_VARIABLE = YES;
				IPHONEOS_DEPLOYMENT_TARGET = 12.2;
				MTL_ENABLE_DEBUG_INFO = NO;
				MTL_FAST_MATH = YES;
				SDKROOT = iphoneos;
				SWIFT_COMPILATION_MODE = wholemodule;
				SWIFT_OPTIMIZATION_LEVEL = "-O";
				VALIDATE_PRODUCT = YES;
			};
			name = Release;
		};
		DAE0D861225460AD005BD6BA /* Debug */ = {
			isa = XCBuildConfiguration;
			buildSettings = {
				ASSETCATALOG_COMPILER_APPICON_NAME = AppIcon;
				CODE_SIGN_STYLE = Automatic;
				INFOPLIST_FILE = FlashCard/Info.plist;
				LD_RUNPATH_SEARCH_PATHS = (
					"$(inherited)",
					"@executable_path/Frameworks",
				);
				PRODUCT_BUNDLE_IDENTIFIER = com.iTiiiM.FlashCard;
				PRODUCT_NAME = "$(TARGET_NAME)";
				SWIFT_VERSION = 5.0;
				TARGETED_DEVICE_FAMILY = "1,2";
			};
			name = Debug;
		};
		DAE0D862225460AD005BD6BA /* Release */ = {
			isa = XCBuildConfiguration;
			buildSettings = {
				ASSETCATALOG_COMPILER_APPICON_NAME = AppIcon;
				CODE_SIGN_STYLE = Automatic;
				INFOPLIST_FILE = FlashCard/Info.plist;
				LD_RUNPATH_SEARCH_PATHS = (
					"$(inherited)",
					"@executable_path/Frameworks",
				);
				PRODUCT_BUNDLE_IDENTIFIER = com.iTiiiM.FlashCard;
				PRODUCT_NAME = "$(TARGET_NAME)";
				SWIFT_VERSION = 5.0;
				TARGETED_DEVICE_FAMILY = "1,2";
			};
			name = Release;
		};
/* End XCBuildConfiguration section */

/* Begin XCConfigurationList section */
		DAE0D849225460AC005BD6BA /* Build configuration list for PBXProject "FlashCard" */ = {
			isa = XCConfigurationList;
			buildConfigurations = (
				DAE0D85E225460AD005BD6BA /* Debug */,
				DAE0D85F225460AD005BD6BA /* Release */,
			);
			defaultConfigurationIsVisible = 0;
			defaultConfigurationName = Release;
		};
		DAE0D860225460AD005BD6BA /* Build configuration list for PBXNativeTarget "FlashCard" */ = {
			isa = XCConfigurationList;
			buildConfigurations = (
				DAE0D861225460AD005BD6BA /* Debug */,
				DAE0D862225460AD005BD6BA /* Release */,
			);
			defaultConfigurationIsVisible = 0;
			defaultConfigurationName = Release;
		};
/* End XCConfigurationList section */
	};
	rootObject = DAE0D846225460AC005BD6BA /* Project object */;
}
